// !$*UTF8*$!
{
	archiveVersion = 1;
	classes = {
	};
	objectVersion = 77;
	objects = {

/* Begin PBXBuildFile section */
		04817E1D302D884E0055458C /* Quote.swift in Sources */ = {isa = PBXBuildFile; fileRef = 04817E0D302D884E0055458C /* Quote.swift */; };
		04817E1E302D884E0055458C /* Post.swift in Sources */ = {isa = PBXBuildFile; fileRef = 04817E0C302D884E0055458C /* Post.swift */; };
		04817E1F302D884E0055458C /* ProfileSetupView.swift in Sources */ = {isa = PBXBuildFile; fileRef = 04817E14302D884E0055458C /* ProfileSetupView.swift */; };
		04817E20302D884E0055458C /* ResourcesView.swift in Sources */ = {isa = PBXBuildFile; fileRef = 04817E17302D884E0055458C /* ResourcesView.swift */; };
		04817E21302D884E0055458C /* AntiScrollApp.swift in Sources */ = {isa = PBXBuildFile; fileRef = 04817E1A302D884E0055458C /* AntiScrollApp.swift */; };
		04817E22302D884E0055458C /* ProfileManager.swift in Sources */ = {isa = PBXBuildFile; fileRef = 04817E0A302D884E0055458C /* ProfileManager.swift */; };
		04817E23302D884E0055458C /* ToastModifier.swift in Sources */ = {isa = PBXBuildFile; fileRef = 04817E0F302D884E0055458C /* ToastModifier.swift */; };
		04817E24302D884E0055458C /* FeedView.swift in Sources */ = {isa = PBXBuildFile; fileRef = 04817E11302D884E0055458C /* FeedView.swift */; };
		04817E25302D884E0055458C /* ContentView.swift in Sources */ = {isa = PBXBuildFile; fileRef = 04817E1B302D884E0055458C /* ContentView.swift */; };
		04817E26302D884E0055458C /* PostCardView.swift in Sources */ = {isa = PBXBuildFile; fileRef = 04817E12302D884E0055458C /* PostCardView.swift */; };
		04817E27302D884E0055458C /* ProfileView.swift in Sources */ = {isa = PBXBuildFile; fileRef = 04817E15302D884E0055458C /* ProfileView.swift */; };
		04817E28302D884E0055458C /* ResourceContent.swift in Sources */ = {isa = PBXBuildFile; fileRef = 04817E28302D884E0055458D /* ResourceContent.swift */; };
		04817E29302D884E0055458C /* ChecklistManager.swift in Sources */ = {isa = PBXBuildFile; fileRef = 04817E29302D884E0055458D /* ChecklistManager.swift */; };
		04817E2A302D884E0055458C /* ArticleReadingView.swift in Sources */ = {isa = PBXBuildFile; fileRef = 04817E2A302D884E0055458D /* ArticleReadingView.swift */; };
		04817E2B302D884E0055458C /* ChecklistView.swift in Sources */ = {isa = PBXBuildFile; fileRef = 04817E2B302D884E0055458D /* ChecklistView.swift */; };
		04817E2C302D884E0055458C /* ActivityLadderView.swift in Sources */ = {isa = PBXBuildFile; fileRef = 04817E2C302D884E0055458D /* ActivityLadderView.swift */; };
		04817E2D302D884E0055458C /* AppColors.swift in Sources */ = {isa = PBXBuildFile; fileRef = 04817E2D302D884E0055458D /* AppColors.swift */; };
		04817E2E302D884E0055458C /* NavigationStyle.swift in Sources */ = {isa = PBXBuildFile; fileRef = 04817E2E302D884E0055458D /* NavigationStyle.swift */; };
/* End PBXBuildFile section */

/* Begin PBXFileReference section */
		04817DDB302D86D70055458C /* AntiScrollApp.app */ = {isa = PBXFileReference; explicitFileType = wrapper.application; includeInIndex = 0; path = AntiScrollApp.app; sourceTree = BUILT_PRODUCTS_DIR; };
		04817E0A302D884E0055458C /* ProfileManager.swift */ = {isa = PBXFileReference; lastKnownFileType = sourcecode.swift; path = ProfileManager.swift; sourceTree = "<group>"; };
		04817E0C302D884E0055458C /* Post.swift */ = {isa = PBXFileReference; lastKnownFileType = sourcecode.swift; path = Post.swift; sourceTree = "<group>"; };
		04817E0D302D884E0055458C /* Quote.swift */ = {isa = PBXFileReference; lastKnownFileType = sourcecode.swift; path = Quote.swift; sourceTree = "<group>"; };
		04817E0F302D884E0055458C /* ToastModifier.swift */ = {isa = PBXFileReference; lastKnownFileType = sourcecode.swift; path = ToastModifier.swift; sourceTree = "<group>"; };
		04817E11302D884E0055458C /* FeedView.swift */ = {isa = PBXFileReference; lastKnownFileType = sourcecode.swift; path = FeedView.swift; sourceTree = "<group>"; };
		04817E12302D884E0055458C /* PostCardView.swift */ = {isa = PBXFileReference; lastKnownFileType = sourcecode.swift; path = PostCardView.swift; sourceTree = "<group>"; };
		04817E14302D884E0055458C /* ProfileSetupView.swift */ = {isa = PBXFileReference; lastKnownFileType = sourcecode.swift; path = ProfileSetupView.swift; sourceTree = "<group>"; };
		04817E15302D884E0055458C /* ProfileView.swift */ = {isa = PBXFileReference; lastKnownFileType = sourcecode.swift; path = ProfileView.swift; sourceTree = "<group>"; };
		04817E17302D884E0055458C /* ResourcesView.swift */ = {isa = PBXFileReference; lastKnownFileType = sourcecode.swift; path = ResourcesView.swift; sourceTree = "<group>"; };
		04817E1A302D884E0055458C /* AntiScrollApp.swift */ = {isa = PBXFileReference; lastKnownFileType = sourcecode.swift; path = AntiScrollApp.swift; sourceTree = "<group>"; };
		04817E1B302D884E0055458C /* ContentView.swift */ = {isa = PBXFileReference; lastKnownFileType = sourcecode.swift; path = ContentView.swift; sourceTree = "<group>"; };
		04817E28302D884E0055458D /* ResourceContent.swift */ = {isa = PBXFileReference; lastKnownFileType = sourcecode.swift; path = ResourceContent.swift; sourceTree = "<group>"; };
		04817E29302D884E0055458D /* ChecklistManager.swift */ = {isa = PBXFileReference; lastKnownFileType = sourcecode.swift; path = ChecklistManager.swift; sourceTree = "<group>"; };
		04817E2A302D884E0055458D /* ArticleReadingView.swift */ = {isa = PBXFileReference; lastKnownFileType = sourcecode.swift; path = ArticleReadingView.swift; sourceTree = "<group>"; };
		04817E2B302D884E0055458D /* ChecklistView.swift */ = {isa = PBXFileReference; lastKnownFileType = sourcecode.swift; path = ChecklistView.swift; sourceTree = "<group>"; };
		04817E2C302D884E0055458D /* ActivityLadderView.swift */ = {isa = PBXFileReference; lastKnownFileType = sourcecode.swift; path = ActivityLadderView.swift; sourceTree = "<group>"; };
		04817E2D302D884E0055458D /* AppColors.swift */ = {isa = PBXFileReference; lastKnownFileType = sourcecode.swift; path = AppColors.swift; sourceTree = "<group>"; };
		04817E2E302D884E0055458D /* NavigationStyle.swift */ = {isa = PBXFileReference; lastKnownFileType = sourcecode.swift; path = NavigationStyle.swift; sourceTree = "<group>"; };
/* End PBXFileReference section */

/* Begin PBXFrameworksBuildPhase section */
		04817DD8302D86D70055458C /* Frameworks */ = {
			isa = PBXFrameworksBuildPhase;
			buildActionMask = 2147483647;
			files = (
			);
			runOnlyForDeploymentPostprocessing = 0;
		};
/* End PBXFrameworksBuildPhase section */

/* Begin PBXGroup section */
		04817DD2302D86D70055458C = {
			isa = PBXGroup;
			children = (
				04817E1C302D884E0055458C /* AntiScrollApp */,
				04817DDC302D86D70055458C /* Products */,
			);
			sourceTree = "<group>";
		};
		04817DDC302D86D70055458C /* Products */ = {
			isa = PBXGroup;
			children = (
				04817DDB302D86D70055458C /* AntiScrollApp.app */,
			);
			name = Products;
			sourceTree = "<group>";
		};
		04817E0B302D884E0055458C /* Managers */ = {
			isa = PBXGroup;
			children = (
				04817E0A302D884E0055458C /* ProfileManager.swift */,
				04817E29302D884E0055458D /* ChecklistManager.swift */,
			);
			path = Managers;
			sourceTree = "<group>";
		};
		04817E0E302D884E0055458C /* Models */ = {
			isa = PBXGroup;
			children = (
				04817E0C302D884E0055458C /* Post.swift */,
				04817E0D302D884E0055458C /* Quote.swift */,
				04817E28302D884E0055458D /* ResourceContent.swift */,
			);
			path = Models;
			sourceTree = "<group>";
		};
		04817E10302D884E0055458C /* Shared */ = {
			isa = PBXGroup;
			children = (
				04817E0F302D884E0055458C /* ToastModifier.swift */,
				04817E2D302D884E0055458D /* AppColors.swift */,
				04817E2E302D884E0055458D /* NavigationStyle.swift */,
			);
			path = Shared;
			sourceTree = "<group>";
		};
		04817E13302D884E0055458C /* Feed */ = {
			isa = PBXGroup;
			children = (
				04817E11302D884E0055458C /* FeedView.swift */,
				04817E12302D884E0055458C /* PostCardView.swift */,
			);
			path = Feed;
			sourceTree = "<group>";
		};
		04817E16302D884E0055458C /* Profile */ = {
			isa = PBXGroup;
			children = (
				04817E14302D884E0055458C /* ProfileSetupView.swift */,
				04817E15302D884E0055458C /* ProfileView.swift */,
			);
			path = Profile;
			sourceTree = "<group>";
		};
		04817E18302D884E0055458C /* Resources */ = {
			isa = PBXGroup;
			children = (
				04817E17302D884E0055458C /* ResourcesView.swift */,
				04817E2A302D884E0055458D /* ArticleReadingView.swift */,
				04817E2B302D884E0055458D /* ChecklistView.swift */,
				04817E2C302D884E0055458D /* ActivityLadderView.swift */,
			);
			path = Resources;
			sourceTree = "<group>";
		};
		04817E19302D884E0055458C /* Views */ = {
			isa = PBXGroup;
			children = (
				04817E13302D884E0055458C /* Feed */,
				04817E16302D884E0055458C /* Profile */,
				04817E18302D884E0055458C /* Resources */,
			);
			path = Views;
			sourceTree = "<group>";
		};
		04817E1C302D884E0055458C /* AntiScrollApp */ = {
			isa = PBXGroup;
			children = (
				04817E0B302D884E0055458C /* Managers */,
				04817E0E302D884E0055458C /* Models */,
				04817E10302D884E0055458C /* Shared */,
				04817E19302D884E0055458C /* Views */,
				04817E1A302D884E0055458C /* AntiScrollApp.swift */,
				04817E1B302D884E0055458C /* ContentView.swift */,
			);
			path = AntiScrollApp;
			sourceTree = "<group>";
		};
/* End PBXGroup section */

/* Begin PBXNativeTarget section */
		04817DDA302D86D70055458C /* AntiScrollApp */ = {
			isa = PBXNativeTarget;
			buildConfigurationList = 04817DE6302D86D80055458C /* Build configuration list for PBXNativeTarget "AntiScrollApp" */;
			buildPhases = (
				04817DD7302D86D70055458C /* Sources */,
				04817DD8302D86D70055458C /* Frameworks */,
				04817DD9302D86D70055458C /* Resources */,
			);
			buildRules = (
			);
			dependencies = (
			);
			name = AntiScrollApp;
			packageProductDependencies = (
			);
			productName = AntiScrollApp;
			productReference = 04817DDB302D86D70055458C /* AntiScrollApp.app */;
			productType = "com.apple.product-type.application";
		};
/* End PBXNativeTarget section */

/* Begin PBXProject section */
		04817DD3302D86D70055458C /* Project object */ = {
			isa = PBXProject;
			attributes = {
				BuildIndependentTargetsInParallel = 1;
				LastSwiftUpdateCheck = 2630;
				LastUpgradeCheck = 2630;
				TargetAttributes = {
					04817DDA302D86D70055458C = {
						CreatedOnToolsVersion = 26.3;
					};
				};
			};
			buildConfigurationList = 04817DD6302D86D70055458C /* Build configuration list for PBXProject "AntiScrollApp" */;
			developmentRegion = en;
			hasScannedForEncodings = 0;
			knownRegions = (
				en,
				Base,
			);
			mainGroup = 04817DD2302D86D70055458C;
			minimizedProjectReferenceProxies = 1;
			preferredProjectObjectVersion = 77;
			productRefGroup = 04817DDC302D86D70055458C /* Products */;
			projectDirPath = "";
			projectRoot = "";
			targets = (
				04817DDA302D86D70055458C /* AntiScrollApp */,
			);
		};
/* End PBXProject section */

/* Begin PBXResourcesBuildPhase section */
		04817DD9302D86D70055458C /* Resources */ = {
			isa = PBXResourcesBuildPhase;
			buildActionMask = 2147483647;
			files = (
			);
			runOnlyForDeploymentPostprocessing = 0;
		};
/* End PBXResourcesBuildPhase section */

/* Begin PBXSourcesBuildPhase section */
		04817DD7302D86D70055458C /* Sources */ = {
			isa = PBXSourcesBuildPhase;
			buildActionMask = 2147483647;
			files = (
				04817E1D302D884E0055458C /* Quote.swift in Sources */,
				04817E1E302D884E0055458C /* Post.swift in Sources */,
				04817E1F302D884E0055458C /* ProfileSetupView.swift in Sources */,
				04817E20302D884E0055458C /* ResourcesView.swift in Sources */,
				04817E21302D884E0055458C /* AntiScrollApp.swift in Sources */,
				04817E22302D884E0055458C /* ProfileManager.swift in Sources */,
				04817E23302D884E0055458C /* ToastModifier.swift in Sources */,
				04817E24302D884E0055458C /* FeedView.swift in Sources */,
				04817E25302D884E0055458C /* ContentView.swift in Sources */,
				04817E26302D884E0055458C /* PostCardView.swift in Sources */,
				04817E27302D884E0055458C /* ProfileView.swift in Sources */,
				04817E28302D884E0055458C /* ResourceContent.swift in Sources */,
				04817E29302D884E0055458C /* ChecklistManager.swift in Sources */,
				04817E2A302D884E0055458C /* ArticleReadingView.swift in Sources */,
				04817E2B302D884E0055458C /* ChecklistView.swift in Sources */,
				04817E2C302D884E0055458C /* ActivityLadderView.swift in Sources */,
				04817E2D302D884E0055458C /* AppColors.swift in Sources */,
				04817E2E302D884E0055458C /* NavigationStyle.swift in Sources */,
			);
			runOnlyForDeploymentPostprocessing = 0;
		};
/* End PBXSourcesBuildPhase section */

/* Begin XCBuildConfiguration section */
		04817DE4302D86D80055458C /* Debug */ = {
			isa = XCBuildConfiguration;
			buildSettings = {
				ALWAYS_SEARCH_USER_PATHS = NO;
				ASSETCATALOG_COMPILER_GENERATE_SWIFT_ASSET_SYMBOL_EXTENSIONS = YES;
				CLANG_ANALYZER_NONNULL = YES;
				CLANG_ANALYZER_NUMBER_OBJECT_CONVERSION = YES_AGGRESSIVE;
				CLANG_CXX_LANGUAGE_STANDARD = "gnu++20";
				CLANG_ENABLE_MODULES = YES;
				CLANG_ENABLE_OBJC_ARC = YES;
				CLANG_ENABLE_OBJC_WEAK = YES;
				CLANG_WARN_BLOCK_CAPTURE_AUTORELEASING = YES;
				CLANG_WARN_BOOL_CONVERSION = YES;
				CLANG_WARN_COMMA = YES;
				CLANG_WARN_CONSTANT_CONVERSION = YES;
				CLANG_WARN_DEPRECATED_OBJC_IMPLEMENTATIONS = YES;
				CLANG_WARN_DIRECT_OBJC_ISA_USAGE = YES_ERROR;
				CLANG_WARN_DOCUMENTATION_COMMENTS = YES;
				CLANG_WARN_EMPTY_BODY = YES;
				CLANG_WARN_ENUM_CONVERSION = YES;
				CLANG_WARN_INFINITE_RECURSION = YES;
				CLANG_WARN_INT_CONVERSION = YES;
				CLANG_WARN_NON_LITERAL_NULL_CONVERSION = YES;
				CLANG_WARN_OBJC_IMPLICIT_RETAIN_SELF = YES;
				CLANG_WARN_OBJC_LITERAL_CONVERSION = YES;
				CLANG_WARN_OBJC_ROOT_CLASS = YES_ERROR;
				CLANG_WARN_QUOTED_INCLUDE_IN_FRAMEWORK_HEADER = YES;
				CLANG_WARN_RANGE_LOOP_ANALYSIS = YES;
				CLANG_WARN_STRICT_PROTOTYPES = YES;
				CLANG_WARN_SUSPICIOUS_MOVE = YES;
				CLANG_WARN_UNGUARDED_AVAILABILITY = YES_AGGRESSIVE;
				CLANG_WARN_UNREACHABLE_CODE = YES;
				CLANG_WARN__DUPLICATE_METHOD_MATCH = YES;
				COPY_PHASE_STRIP = NO;
				DEBUG_INFORMATION_FORMAT = dwarf;
				ENABLE_STRICT_OBJC_MSGSEND = YES;
				ENABLE_TESTABILITY = YES;
				ENABLE_USER_SCRIPT_SANDBOXING = YES;
				GCC_C_LANGUAGE_STANDARD = gnu17;
				GCC_DYNAMIC_NO_PIC = NO;
				GCC_NO_COMMON_BLOCKS = YES;
				GCC_OPTIMIZATION_LEVEL = 0;
				GCC_PREPROCESSOR_DEFINITIONS = (
					"DEBUG=1",
					"$(inherited)",
				);
				GCC_WARN_64_TO_32_BIT_CONVERSION = YES;
				GCC_WARN_ABOUT_RETURN_TYPE = YES_ERROR;
				GCC_WARN_UNDECLARED_SELECTOR = YES;
				GCC_WARN_UNINITIALIZED_AUTOS = YES_AGGRESSIVE;
				GCC_WARN_UNUSED_FUNCTION = YES;
				GCC_WARN_UNUSED_VARIABLE = YES;
				LOCALIZATION_PREFERS_STRING_CATALOGS = YES;
				MTL_ENABLE_DEBUG_INFO = INCLUDE_SOURCE;
				MTL_FAST_MATH = YES;
				ONLY_ACTIVE_ARCH = YES;
				SWIFT_ACTIVE_COMPILATION_CONDITIONS = "DEBUG $(inherited)";
				SWIFT_OPTIMIZATION_LEVEL = "-Onone";
			};
			name = Debug;
		};
		04817DE5302D86D80055458C /* Release */ = {
			isa = XCBuildConfiguration;
			buildSettings = {
				ALWAYS_SEARCH_USER_PATHS = NO;
				ASSETCATALOG_COMPILER_GENERATE_SWIFT_ASSET_SYMBOL_EXTENSIONS = YES;
				CLANG_ANALYZER_NONNULL = YES;
				CLANG_ANALYZER_NUMBER_OBJECT_CONVERSION = YES_AGGRESSIVE;
				CLANG_CXX_LANGUAGE_STANDARD = "gnu++20";
				CLANG_ENABLE_MODULES = YES;
				CLANG_ENABLE_OBJC_ARC = YES;
				CLANG_ENABLE_OBJC_WEAK = YES;
				CLANG_WARN_BLOCK_CAPTURE_AUTORELEASING = YES;
				CLANG_WARN_BOOL_CONVERSION = YES;
				CLANG_WARN_COMMA = YES;
				CLANG_WARN_CONSTANT_CONVERSION = YES;
				CLANG_WARN_DEPRECATED_OBJC_IMPLEMENTATIONS = YES;
				CLANG_WARN_DIRECT_OBJC_ISA_USAGE = YES_ERROR;
				CLANG_WARN_DOCUMENTATION_COMMENTS = YES;
				CLANG_WARN_EMPTY_BODY = YES;
				CLANG_WARN_ENUM_CONVERSION = YES;
				CLANG_WARN_INFINITE_RECURSION = YES;
				CLANG_WARN_INT_CONVERSION = YES;
				CLANG_WARN_NON_LITERAL_NULL_CONVERSION = YES;
				CLANG_WARN_OBJC_IMPLICIT_RETAIN_SELF = YES;
				CLANG_WARN_OBJC_LITERAL_CONVERSION = YES;
				CLANG_WARN_OBJC_ROOT_CLASS = YES_ERROR;
				CLANG_WARN_QUOTED_INCLUDE_IN_FRAMEWORK_HEADER = YES;
				CLANG_WARN_RANGE_LOOP_ANALYSIS = YES;
				CLANG_WARN_STRICT_PROTOTYPES = YES;
				CLANG_WARN_SUSPICIOUS_MOVE = YES;
				CLANG_WARN_UNGUARDED_AVAILABILITY = YES_AGGRESSIVE;
				CLANG_WARN_UNREACHABLE_CODE = YES;
				CLANG_WARN__DUPLICATE_METHOD_MATCH = YES;
				COPY_PHASE_STRIP = NO;
				DEBUG_INFORMATION_FORMAT = "dwarf-with-dsym";
				ENABLE_NS_ASSERTIONS = NO;
				ENABLE_STRICT_OBJC_MSGSEND = YES;
				ENABLE_USER_SCRIPT_SANDBOXING = YES;
				GCC_C_LANGUAGE_STANDARD = gnu17;
				GCC_NO_COMMON_BLOCKS = YES;
				GCC_WARN_64_TO_32_BIT_CONVERSION = YES;
				GCC_WARN_ABOUT_RETURN_TYPE = YES_ERROR;
				GCC_WARN_UNDECLARED_SELECTOR = YES;
				GCC_WARN_UNINITIALIZED_AUTOS = YES_AGGRESSIVE;
				GCC_WARN_UNUSED_FUNCTION = YES;
				GCC_WARN_UNUSED_VARIABLE = YES;
				LOCALIZATION_PREFERS_STRING_CATALOGS = YES;
				MTL_ENABLE_DEBUG_INFO = NO;
				MTL_FAST_MATH = YES;
				SWIFT_COMPILATION_MODE = wholemodule;
			};
			name = Release;
		};
		04817DE7302D86D80055458C /* Debug */ = {
			isa = XCBuildConfiguration;
			buildSettings = {
				ASSETCATALOG_COMPILER_APPICON_NAME = AppIcon;
				ASSETCATALOG_COMPILER_GLOBAL_ACCENT_COLOR_NAME = AccentColor;
				CODE_SIGN_STYLE = Automatic;
				CURRENT_PROJECT_VERSION = 1;
				ENABLE_APP_SANDBOX = YES;
				ENABLE_PREVIEWS = YES;
				ENABLE_USER_SELECTED_FILES = readonly;
				GENERATE_INFOPLIST_FILE = YES;
				"INFOPLIST_KEY_UIApplicationSceneManifest_Generation[sdk=iphoneos*]" = YES;
				"INFOPLIST_KEY_UIApplicationSceneManifest_Generation[sdk=iphonesimulator*]" = YES;
				"INFOPLIST_KEY_UIApplicationSupportsIndirectInputEvents[sdk=iphoneos*]" = YES;
				"INFOPLIST_KEY_UIApplicationSupportsIndirectInputEvents[sdk=iphonesimulator*]" = YES;
				"INFOPLIST_KEY_UILaunchScreen_Generation[sdk=iphoneos*]" = YES;
				"INFOPLIST_KEY_UILaunchScreen_Generation[sdk=iphonesimulator*]" = YES;
				"INFOPLIST_KEY_UIStatusBarStyle[sdk=iphoneos*]" = UIStatusBarStyleDefault;
				"INFOPLIST_KEY_UIStatusBarStyle[sdk=iphonesimulator*]" = UIStatusBarStyleDefault;
				INFOPLIST_KEY_UISupportedInterfaceOrientations_iPad = "UIInterfaceOrientationPortrait UIInterfaceOrientationPortraitUpsideDown UIInterfaceOrientationLandscapeLeft UIInterfaceOrientationLandscapeRight";
				INFOPLIST_KEY_UISupportedInterfaceOrientations_iPhone = "UIInterfaceOrientationPortrait UIInterfaceOrientationLandscapeLeft UIInterfaceOrientationLandscapeRight";
				IPHONEOS_DEPLOYMENT_TARGET = 26.2;
				LD_RUNPATH_SEARCH_PATHS = "@executable_path/Frameworks";
				"LD_RUNPATH_SEARCH_PATHS[sdk=macosx*]" = "@executable_path/../Frameworks";
				MACOSX_DEPLOYMENT_TARGET = 15.6;
				MARKETING_VERSION = 1.0;
				PRODUCT_BUNDLE_IDENTIFIER = pzhong.AntiScrollApp;
				PRODUCT_NAME = "$(TARGET_NAME)";
				REGISTER_APP_GROUPS = YES;
				SDKROOT = auto;
				STRING_CATALOG_GENERATE_SYMBOLS = YES;
				SUPPORTED_PLATFORMS = "iphoneos iphonesimulator macosx xros xrsimulator";
				SWIFT_APPROACHABLE_CONCURRENCY = YES;
				SWIFT_DEFAULT_ACTOR_ISOLATION = MainActor;
				SWIFT_EMIT_LOC_STRINGS = YES;
				SWIFT_UPCOMING_FEATURE_MEMBER_IMPORT_VISIBILITY = YES;
				SWIFT_VERSION = 5.0;
				TARGETED_DEVICE_FAMILY = "1,2,7";
				XROS_DEPLOYMENT_TARGET = 26.2;
			};
			name = Debug;
		};
		04817DE8302D86D80055458C /* Release */ = {
			isa = XCBuildConfiguration;
			buildSettings = {
				ASSETCATALOG_COMPILER_APPICON_NAME = AppIcon;
				ASSETCATALOG_COMPILER_GLOBAL_ACCENT_COLOR_NAME = AccentColor;
				CODE_SIGN_STYLE = Automatic;
				CURRENT_PROJECT_VERSION = 1;
				ENABLE_APP_SANDBOX = YES;
				ENABLE_PREVIEWS = YES;
				ENABLE_USER_SELECTED_FILES = readonly;
				GENERATE_INFOPLIST_FILE = YES;
				"INFOPLIST_KEY_UIApplicationSceneManifest_Generation[sdk=iphoneos*]" = YES;
				"INFOPLIST_KEY_UIApplicationSceneManifest_Generation[sdk=iphonesimulator*]" = YES;
				"INFOPLIST_KEY_UIApplicationSupportsIndirectInputEvents[sdk=iphoneos*]" = YES;
				"INFOPLIST_KEY_UIApplicationSupportsIndirectInputEvents[sdk=iphonesimulator*]" = YES;
				"INFOPLIST_KEY_UILaunchScreen_Generation[sdk=iphoneos*]" = YES;
				"INFOPLIST_KEY_UILaunchScreen_Generation[sdk=iphonesimulator*]" = YES;
				"INFOPLIST_KEY_UIStatusBarStyle[sdk=iphoneos*]" = UIStatusBarStyleDefault;
				"INFOPLIST_KEY_UIStatusBarStyle[sdk=iphonesimulator*]" = UIStatusBarStyleDefault;
				INFOPLIST_KEY_UISupportedInterfaceOrientations_iPad = "UIInterfaceOrientationPortrait UIInterfaceOrientationPortraitUpsideDown UIInterfaceOrientationLandscapeLeft UIInterfaceOrientationLandscapeRight";
				INFOPLIST_KEY_UISupportedInterfaceOrientations_iPhone = "UIInterfaceOrientationPortrait UIInterfaceOrientationLandscapeLeft UIInterfaceOrientationLandscapeRight";
				IPHONEOS_DEPLOYMENT_TARGET = 26.2;
				LD_RUNPATH_SEARCH_PATHS = "@executable_path/Frameworks";
				"LD_RUNPATH_SEARCH_PATHS[sdk=macosx*]" = "@executable_path/../Frameworks";
				MACOSX_DEPLOYMENT_TARGET = 15.6;
				MARKETING_VERSION = 1.0;
				PRODUCT_BUNDLE_IDENTIFIER = pzhong.AntiScrollApp;
				PRODUCT_NAME = "$(TARGET_NAME)";
				REGISTER_APP_GROUPS = YES;
				SDKROOT = auto;
				STRING_CATALOG_GENERATE_SYMBOLS = YES;
				SUPPORTED_PLATFORMS = "iphoneos iphonesimulator macosx xros xrsimulator";
				SWIFT_APPROACHABLE_CONCURRENCY = YES;
				SWIFT_DEFAULT_ACTOR_ISOLATION = MainActor;
				SWIFT_EMIT_LOC_STRINGS = YES;
				SWIFT_UPCOMING_FEATURE_MEMBER_IMPORT_VISIBILITY = YES;
				SWIFT_VERSION = 5.0;
				TARGETED_DEVICE_FAMILY = "1,2,7";
				XROS_DEPLOYMENT_TARGET = 26.2;
			};
			name = Release;
		};
/* End XCBuildConfiguration section */

/* Begin XCConfigurationList section */
		04817DD6302D86D70055458C /* Build configuration list for PBXProject "AntiScrollApp" */ = {
			isa = XCConfigurationList;
			buildConfigurations = (
				04817DE4302D86D80055458C /* Debug */,
				04817DE5302D86D80055458C /* Release */,
			);
			defaultConfigurationIsVisible = 0;
			defaultConfigurationName = Release;
		};
		04817DE6302D86D80055458C /* Build configuration list for PBXNativeTarget "AntiScrollApp" */ = {
			isa = XCConfigurationList;
			buildConfigurations = (
				04817DE7302D86D80055458C /* Debug */,
				04817DE8302D86D80055458C /* Release */,
			);
			defaultConfigurationIsVisible = 0;
			defaultConfigurationName = Release;
		};
/* End XCConfigurationList section */
	};
	rootObject = 04817DD3302D86D70055458C /* Project object */;
}
